
Microsoft Visual Studio Solution File, Format Version 12.00
# Visual Studio Version 17
VisualStudioVersion = 17.9.34328.292
MinimumVisualStudioVersion = 10.0.40219.1
Project("{FAE04EC0-301F-11D3-BF4B-00C04F79EFBC}") = "SampleTool", "src\SampleTool\SampleTool.csproj", "{9D8A85BB-A89B-4A21-B28C-4B99B9E5F2D5}"
EndProject
Project("{2150E333-8FDC-42A3-9474-1A3956D46DE8}") = "src", "src", "{CEF78FE7-371F-4560-A905-5DEFFD56D395}"
EndProject
Global
	GlobalSection(SolutionConfigurationPlatforms) = preSolution
		Debug|Any CPU = Debug|Any CPU
		Release|Any CPU = Release|Any CPU
	EndGlobalSection
	GlobalSection(ProjectConfigurationPlatforms) = postSolution
		{9D8A85BB-A89B-4A21-B28C-4B99B9E5F2D5}.Debug|Any CPU.ActiveCfg = Debug|Any CPU
		{9D8A85BB-A89B-4A21-B28C-4B99B9E5F2D5}.Debug|Any CPU.Build.0 = Debug|Any CPU
		{9D8A85BB-A89B-4A21-B28C-4B99B9E5F2D5}.Release|Any CPU.ActiveCfg = Release|Any CPU
		{9D8A85BB-A89B-4A21-B28C-4B99B9E5F2D5}.Release|Any CPU.Build.0 = Release|Any CPU
	EndGlobalSection
	GlobalSection(SolutionProperties) = preSolution
		HideSolutionNode = FALSE
	EndGlobalSection
	GlobalSection(NestedProjects) = preSolution
		{9D8A85BB-A89B-4A21-B28C-4B99B9E5F2D5} = {CEF78FE7-371F-4560-A905-5DEFFD56D395}
	EndGlobalSection
	GlobalSection(ExtensibilityGlobals) = postSolution
		SolutionGuid = {273019C9-0DA7-484E-A337-EBC5D2E173E3}
	EndGlobalSection
EndGlobal
